
Microsoft Visual Studio Solution File, Format Version 12.00
# Visual Studio 15
Project("{FAE04EC0-301F-11D3-BF4B-00C04F79EFBC}") = "FantasyBaseball", "FantasyBaseball\FantasyBaseball.csproj", "{64D277B2-C790-4E73-9281-9A3401EF664E}"
EndProject
Global
	GlobalSection(SolutionConfigurationPlatforms) = preSolution
		Debug|Any CPU = Debug|Any CPU
		Release|Any CPU = Release|Any CPU
	EndGlobalSection
	GlobalSection(ProjectConfigurationPlatforms) = postSolution
		{64D277B2-C790-4E73-9281-9A3401EF664E}.Debug|Any CPU.ActiveCfg = Debug|Any CPU
		{64D277B2-C790-4E73-9281-9A3401EF664E}.Debug|Any CPU.Build.0 = Debug|Any CPU
		{64D277B2-C790-4E73-9281-9A3401EF664E}.Release|Any CPU.ActiveCfg = Release|Any CPU
		{64D277B2-C790-4E73-9281-9A3401EF664E}.Release|Any CPU.Build.0 = Release|Any CPU
	EndGlobalSection
EndGlobal
